// !$*UTF8*$!
{
	archiveVersion = 1;
	classes = {
	};
	objectVersion = 46;
	objects = {

/* Begin PBXBuildFile section */
		573E70041945A2D900EC2E04 /* Foundation.framework in Frameworks */ = {isa = PBXBuildFile; fileRef = 573E70031945A2D900EC2E04 /* Foundation.framework */; };
		573E70061945A2D900EC2E04 /* CoreGraphics.framework in Frameworks */ = {isa = PBXBuildFile; fileRef = 573E70051945A2D900EC2E04 /* CoreGraphics.framework */; };
		573E70081945A2D900EC2E04 /* UIKit.framework in Frameworks */ = {isa = PBXBuildFile; fileRef = 573E70071945A2D900EC2E04 /* UIKit.framework */; };
		573E700E1945A2D900EC2E04 /* InfoPlist.strings in Resources */ = {isa = PBXBuildFile; fileRef = 573E700C1945A2D900EC2E04 /* InfoPlist.strings */; };
		573E70101945A2D900EC2E04 /* main.m in Sources */ = {isa = PBXBuildFile; fileRef = 573E700F1945A2D900EC2E04 /* main.m */; };
		573E70161945A2D900EC2E04 /* Images.xcassets in Resources */ = {isa = PBXBuildFile; fileRef = 573E70151945A2D900EC2E04 /* Images.xcassets */; };
		573E701D1945A2D900EC2E04 /* XCTest.framework in Frameworks */ = {isa = PBXBuildFile; fileRef = 573E701C1945A2D900EC2E04 /* XCTest.framework */; };
		573E701E1945A2D900EC2E04 /* Foundation.framework in Frameworks */ = {isa = PBXBuildFile; fileRef = 573E70031945A2D900EC2E04 /* Foundation.framework */; };
		573E701F1945A2D900EC2E04 /* UIKit.framework in Frameworks */ = {isa = PBXBuildFile; fileRef = 573E70071945A2D900EC2E04 /* UIKit.framework */; };
		573E70271945A2D900EC2E04 /* InfoPlist.strings in Resources */ = {isa = PBXBuildFile; fileRef = 573E70251945A2D900EC2E04 /* InfoPlist.strings */; };
		573E70291945A2D900EC2E04 /* LensKit_objcTests.m in Sources */ = {isa = PBXBuildFile; fileRef = 573E70281945A2D900EC2E04 /* LensKit_objcTests.m */; };
		577521FE1945AE1E00476104 /* LensApiManager.m in Sources */ = {isa = PBXBuildFile; fileRef = 577521FD1945AE1E00476104 /* LensApiManager.m */; };
		577522021945AE6800476104 /* AppDelegate.m in Sources */ = {isa = PBXBuildFile; fileRef = 577522011945AE6800476104 /* AppDelegate.m */; };
		577522051945AEC700476104 /* ArticleListViewController.m in Sources */ = {isa = PBXBuildFile; fileRef = 577522041945AEC700476104 /* ArticleListViewController.m */; };
		577522081945AEDA00476104 /* ArticleDetailViewController.m in Sources */ = {isa = PBXBuildFile; fileRef = 577522071945AEDA00476104 /* ArticleDetailViewController.m */; };
		DE833A0BC83747C6B73D7AAC /* libPods-LensKit.objc.a in Frameworks */ = {isa = PBXBuildFile; fileRef = 64D95980FB144FF1A55F3F0E /* libPods-LensKit.objc.a */; };
/* End PBXBuildFile section */

/* Begin PBXContainerItemProxy section */
		573E70201945A2D900EC2E04 /* PBXContainerItemProxy */ = {
			isa = PBXContainerItemProxy;
			containerPortal = 573E6FF81945A2D900EC2E04 /* Project object */;
			proxyType = 1;
			remoteGlobalIDString = 573E6FFF1945A2D900EC2E04;
			remoteInfo = LensKit.objc;
		};
/* End PBXContainerItemProxy section */

/* Begin PBXFileReference section */
		573E70001945A2D900EC2E04 /* LensKit.objc.app */ = {isa = PBXFileReference; explicitFileType = wrapper.application; includeInIndex = 0; path = LensKit.objc.app; sourceTree = BUILT_PRODUCTS_DIR; };
		573E70031945A2D900EC2E04 /* Foundation.framework */ = {isa = PBXFileReference; lastKnownFileType = wrapper.framework; name = Foundation.framework; path = System/Library/Frameworks/Foundation.framework; sourceTree = SDKROOT; };
		573E70051945A2D900EC2E04 /* CoreGraphics.framework */ = {isa = PBXFileReference; lastKnownFileType = wrapper.framework; name = CoreGraphics.framework; path = System/Library/Frameworks/CoreGraphics.framework; sourceTree = SDKROOT; };
		573E70071945A2D900EC2E04 /* UIKit.framework */ = {isa = PBXFileReference; lastKnownFileType = wrapper.framework; name = UIKit.framework; path = System/Library/Frameworks/UIKit.framework; sourceTree = SDKROOT; };
		573E700B1945A2D900EC2E04 /* LensKit.objc-Info.plist */ = {isa = PBXFileReference; lastKnownFileType = text.plist.xml; path = "LensKit.objc-Info.plist"; sourceTree = "<group>"; };
		573E700D1945A2D900EC2E04 /* en */ = {isa = PBXFileReference; lastKnownFileType = text.plist.strings; name = en; path = en.lproj/InfoPlist.strings; sourceTree = "<group>"; };
		573E700F1945A2D900EC2E04 /* main.m */ = {isa = PBXFileReference; lastKnownFileType = sourcecode.c.objc; path = main.m; sourceTree = "<group>"; };
		573E70111945A2D900EC2E04 /* LensKit.objc-Prefix.pch */ = {isa = PBXFileReference; lastKnownFileType = sourcecode.c.h; path = "LensKit.objc-Prefix.pch"; sourceTree = "<group>"; };
		573E70151945A2D900EC2E04 /* Images.xcassets */ = {isa = PBXFileReference; lastKnownFileType = folder.assetcatalog; path = Images.xcassets; sourceTree = "<group>"; };
		573E701B1945A2D900EC2E04 /* LensKit.objcTests.xctest */ = {isa = PBXFileReference; explicitFileType = wrapper.cfbundle; includeInIndex = 0; path = LensKit.objcTests.xctest; sourceTree = BUILT_PRODUCTS_DIR; };
		573E701C1945A2D900EC2E04 /* XCTest.framework */ = {isa = PBXFileReference; lastKnownFileType = wrapper.framework; name = XCTest.framework; path = Library/Frameworks/XCTest.framework; sourceTree = DEVELOPER_DIR; };
		573E70241945A2D900EC2E04 /* LensKit.objcTests-Info.plist */ = {isa = PBXFileReference; lastKnownFileType = text.plist.xml; path = "LensKit.objcTests-Info.plist"; sourceTree = "<group>"; };
		573E70261945A2D900EC2E04 /* en */ = {isa = PBXFileReference; lastKnownFileType = text.plist.strings; name = en; path = en.lproj/InfoPlist.strings; sourceTree = "<group>"; };
		573E70281945A2D900EC2E04 /* LensKit_objcTests.m */ = {isa = PBXFileReference; lastKnownFileType = sourcecode.c.objc; path = LensKit_objcTests.m; sourceTree = "<group>"; };
		577521FC1945AE1E00476104 /* LensApiManager.h */ = {isa = PBXFileReference; fileEncoding = 4; lastKnownFileType = sourcecode.c.h; path = LensApiManager.h; sourceTree = "<group>"; };
		577521FD1945AE1E00476104 /* LensApiManager.m */ = {isa = PBXFileReference; fileEncoding = 4; lastKnownFileType = sourcecode.c.objc; path = LensApiManager.m; sourceTree = "<group>"; };
		577522001945AE6800476104 /* AppDelegate.h */ = {isa = PBXFileReference; fileEncoding = 4; lastKnownFileType = sourcecode.c.h; name = AppDelegate.h; path = Classes/AppDelegate.h; sourceTree = "<group>"; };
		577522011945AE6800476104 /* AppDelegate.m */ = {isa = PBXFileReference; fileEncoding = 4; lastKnownFileType = sourcecode.c.objc; name = AppDelegate.m; path = Classes/AppDelegate.m; sourceTree = "<group>"; };
		577522031945AEC700476104 /* ArticleListViewController.h */ = {isa = PBXFileReference; fileEncoding = 4; lastKnownFileType = sourcecode.c.h; name = ArticleListViewController.h; path = Classes/ArticleListViewController.h; sourceTree = "<group>"; };
		577522041945AEC700476104 /* ArticleListViewController.m */ = {isa = PBXFileReference; fileEncoding = 4; lastKnownFileType = sourcecode.c.objc; name = ArticleListViewController.m; path = Classes/ArticleListViewController.m; sourceTree = "<group>"; };
		577522061945AEDA00476104 /* ArticleDetailViewController.h */ = {isa = PBXFileReference; fileEncoding = 4; lastKnownFileType = sourcecode.c.h; name = ArticleDetailViewController.h; path = Classes/ArticleDetailViewController.h; sourceTree = "<group>"; };
		577522071945AEDA00476104 /* ArticleDetailViewController.m */ = {isa = PBXFileReference; fileEncoding = 4; lastKnownFileType = sourcecode.c.objc; name = ArticleDetailViewController.m; path = Classes/ArticleDetailViewController.m; sourceTree = "<group>"; };
		64D95980FB144FF1A55F3F0E /* libPods-LensKit.objc.a */ = {isa = PBXFileReference; explicitFileType = archive.ar; includeInIndex = 0; path = "libPods-LensKit.objc.a"; sourceTree = BUILT_PRODUCTS_DIR; };
		FD24CFEBFB764D07A30E51D7 /* Pods-LensKit.objc.xcconfig */ = {isa = PBXFileReference; includeInIndex = 1; lastKnownFileType = text.xcconfig; name = "Pods-LensKit.objc.xcconfig"; path = "Pods/Pods-LensKit.objc.xcconfig"; sourceTree = "<group>"; };
/* End PBXFileReference section */

/* Begin PBXFrameworksBuildPhase section */
		573E6FFD1945A2D900EC2E04 /* Frameworks */ = {
			isa = PBXFrameworksBuildPhase;
			buildActionMask = 2147483647;
			files = (
				573E70061945A2D900EC2E04 /* CoreGraphics.framework in Frameworks */,
				573E70081945A2D900EC2E04 /* UIKit.framework in Frameworks */,
				573E70041945A2D900EC2E04 /* Foundation.framework in Frameworks */,
				DE833A0BC83747C6B73D7AAC /* libPods-LensKit.objc.a in Frameworks */,
			);
			runOnlyForDeploymentPostprocessing = 0;
		};
		573E70181945A2D900EC2E04 /* Frameworks */ = {
			isa = PBXFrameworksBuildPhase;
			buildActionMask = 2147483647;
			files = (
				573E701D1945A2D900EC2E04 /* XCTest.framework in Frameworks */,
				573E701F1945A2D900EC2E04 /* UIKit.framework in Frameworks */,
				573E701E1945A2D900EC2E04 /* Foundation.framework in Frameworks */,
			);
			runOnlyForDeploymentPostprocessing = 0;
		};
/* End PBXFrameworksBuildPhase section */

/* Begin PBXGroup section */
		573E6FF71945A2D900EC2E04 = {
			isa = PBXGroup;
			children = (
				573E70091945A2D900EC2E04 /* LensKit.objc */,
				573E70221945A2D900EC2E04 /* LensKit.objcTests */,
				573E70021945A2D900EC2E04 /* Frameworks */,
				573E70011945A2D900EC2E04 /* Products */,
				FD24CFEBFB764D07A30E51D7 /* Pods-LensKit.objc.xcconfig */,
			);
			sourceTree = "<group>";
		};
		573E70011945A2D900EC2E04 /* Products */ = {
			isa = PBXGroup;
			children = (
				573E70001945A2D900EC2E04 /* LensKit.objc.app */,
				573E701B1945A2D900EC2E04 /* LensKit.objcTests.xctest */,
			);
			name = Products;
			sourceTree = "<group>";
		};
		573E70021945A2D900EC2E04 /* Frameworks */ = {
			isa = PBXGroup;
			children = (
				573E70031945A2D900EC2E04 /* Foundation.framework */,
				573E70051945A2D900EC2E04 /* CoreGraphics.framework */,
				573E70071945A2D900EC2E04 /* UIKit.framework */,
				573E701C1945A2D900EC2E04 /* XCTest.framework */,
				64D95980FB144FF1A55F3F0E /* libPods-LensKit.objc.a */,
			);
			name = Frameworks;
			sourceTree = "<group>";
		};
		573E70091945A2D900EC2E04 /* LensKit.objc */ = {
			isa = PBXGroup;
			children = (
				577521FF1945AE5800476104 /* Classes */,
				577521FB1945ADFC00476104 /* ServiceLayer */,
				573E70151945A2D900EC2E04 /* Images.xcassets */,
				573E700A1945A2D900EC2E04 /* Supporting Files */,
			);
			path = LensKit.objc;
			sourceTree = "<group>";
		};
		573E700A1945A2D900EC2E04 /* Supporting Files */ = {
			isa = PBXGroup;
			children = (
				573E700B1945A2D900EC2E04 /* LensKit.objc-Info.plist */,
				573E700C1945A2D900EC2E04 /* InfoPlist.strings */,
				573E700F1945A2D900EC2E04 /* main.m */,
				573E70111945A2D900EC2E04 /* LensKit.objc-Prefix.pch */,
			);
			name = "Supporting Files";
			sourceTree = "<group>";
		};
		573E70221945A2D900EC2E04 /* LensKit.objcTests */ = {
			isa = PBXGroup;
			children = (
				573E70281945A2D900EC2E04 /* LensKit_objcTests.m */,
				573E70231945A2D900EC2E04 /* Supporting Files */,
			);
			path = LensKit.objcTests;
			sourceTree = "<group>";
		};
		573E70231945A2D900EC2E04 /* Supporting Files */ = {
			isa = PBXGroup;
			children = (
				573E70241945A2D900EC2E04 /* LensKit.objcTests-Info.plist */,
				573E70251945A2D900EC2E04 /* InfoPlist.strings */,
			);
			name = "Supporting Files";
			sourceTree = "<group>";
		};
		577521FB1945ADFC00476104 /* ServiceLayer */ = {
			isa = PBXGroup;
			children = (
				577521FC1945AE1E00476104 /* LensApiManager.h */,
				577521FD1945AE1E00476104 /* LensApiManager.m */,
			);
			path = ServiceLayer;
			sourceTree = "<group>";
		};
		577521FF1945AE5800476104 /* Classes */ = {
			isa = PBXGroup;
			children = (
				577522001945AE6800476104 /* AppDelegate.h */,
				577522011945AE6800476104 /* AppDelegate.m */,
				577522031945AEC700476104 /* ArticleListViewController.h */,
				577522041945AEC700476104 /* ArticleListViewController.m */,
				577522061945AEDA00476104 /* ArticleDetailViewController.h */,
				577522071945AEDA00476104 /* ArticleDetailViewController.m */,
			);
			name = Classes;
			sourceTree = "<group>";
		};
/* End PBXGroup section */

/* Begin PBXNativeTarget section */
		573E6FFF1945A2D900EC2E04 /* LensKit.objc */ = {
			isa = PBXNativeTarget;
			buildConfigurationList = 573E702C1945A2D900EC2E04 /* Build configuration list for PBXNativeTarget "LensKit.objc" */;
			buildPhases = (
				54D886DCA17843509A6DA3AB /* Check Pods Manifest.lock */,
				573E6FFC1945A2D900EC2E04 /* Sources */,
				573E6FFD1945A2D900EC2E04 /* Frameworks */,
				573E6FFE1945A2D900EC2E04 /* Resources */,
				35DA7E6C81984F76942F1E61 /* Copy Pods Resources */,
			);
			buildRules = (
			);
			dependencies = (
			);
			name = LensKit.objc;
			productName = LensKit.objc;
			productReference = 573E70001945A2D900EC2E04 /* LensKit.objc.app */;
			productType = "com.apple.product-type.application";
		};
		573E701A1945A2D900EC2E04 /* LensKit.objcTests */ = {
			isa = PBXNativeTarget;
			buildConfigurationList = 573E702F1945A2D900EC2E04 /* Build configuration list for PBXNativeTarget "LensKit.objcTests" */;
			buildPhases = (
				573E70171945A2D900EC2E04 /* Sources */,
				573E70181945A2D900EC2E04 /* Frameworks */,
				573E70191945A2D900EC2E04 /* Resources */,
			);
			buildRules = (
			);
			dependencies = (
				573E70211945A2D900EC2E04 /* PBXTargetDependency */,
			);
			name = LensKit.objcTests;
			productName = LensKit.objcTests;
			productReference = 573E701B1945A2D900EC2E04 /* LensKit.objcTests.xctest */;
			productType = "com.apple.product-type.bundle.unit-test";
		};
/* End PBXNativeTarget section */

/* Begin PBXProject section */
		573E6FF81945A2D900EC2E04 /* Project object */ = {
			isa = PBXProject;
			attributes = {
				LastUpgradeCheck = 0510;
				ORGANIZATIONNAME = hokunbaek;
				TargetAttributes = {
					573E701A1945A2D900EC2E04 = {
						TestTargetID = 573E6FFF1945A2D900EC2E04;
					};
				};
			};
			buildConfigurationList = 573E6FFB1945A2D900EC2E04 /* Build configuration list for PBXProject "LensKit.objc" */;
			compatibilityVersion = "Xcode 3.2";
			developmentRegion = English;
			hasScannedForEncodings = 0;
			knownRegions = (
				en,
			);
			mainGroup = 573E6FF71945A2D900EC2E04;
			productRefGroup = 573E70011945A2D900EC2E04 /* Products */;
			projectDirPath = "";
			projectRoot = "";
			targets = (
				573E6FFF1945A2D900EC2E04 /* LensKit.objc */,
				573E701A1945A2D900EC2E04 /* LensKit.objcTests */,
			);
		};
/* End PBXProject section */

/* Begin PBXResourcesBuildPhase section */
		573E6FFE1945A2D900EC2E04 /* Resources */ = {
			isa = PBXResourcesBuildPhase;
			buildActionMask = 2147483647;
			files = (
				573E700E1945A2D900EC2E04 /* InfoPlist.strings in Resources */,
				573E70161945A2D900EC2E04 /* Images.xcassets in Resources */,
			);
			runOnlyForDeploymentPostprocessing = 0;
		};
		573E70191945A2D900EC2E04 /* Resources */ = {
			isa = PBXResourcesBuildPhase;
			buildActionMask = 2147483647;
			files = (
				573E70271945A2D900EC2E04 /* InfoPlist.strings in Resources */,
			);
			runOnlyForDeploymentPostprocessing = 0;
		};
/* End PBXResourcesBuildPhase section */

/* Begin PBXShellScriptBuildPhase section */
		35DA7E6C81984F76942F1E61 /* Copy Pods Resources */ = {
			isa = PBXShellScriptBuildPhase;
			buildActionMask = 2147483647;
			files = (
			);
			inputPaths = (
			);
			name = "Copy Pods Resources";
			outputPaths = (
			);
			runOnlyForDeploymentPostprocessing = 0;
			shellPath = /bin/sh;
			shellScript = "\"${SRCROOT}/Pods/Pods-LensKit.objc-resources.sh\"\n";
			showEnvVarsInLog = 0;
		};
		54D886DCA17843509A6DA3AB /* Check Pods Manifest.lock */ = {
			isa = PBXShellScriptBuildPhase;
			buildActionMask = 2147483647;
			files = (
			);
			inputPaths = (
			);
			name = "Check Pods Manifest.lock";
			outputPaths = (
			);
			runOnlyForDeploymentPostprocessing = 0;
			shellPath = /bin/sh;
			shellScript = "diff \"${PODS_ROOT}/../Podfile.lock\" \"${PODS_ROOT}/Manifest.lock\" > /dev/null\nif [[ $? != 0 ]] ; then\n    cat << EOM\nerror: The sandbox is not in sync with the Podfile.lock. Run 'pod install' or update your CocoaPods installation.\nEOM\n    exit 1\nfi\n";
			showEnvVarsInLog = 0;
		};
/* End PBXShellScriptBuildPhase section */

/* Begin PBXSourcesBuildPhase section */
		573E6FFC1945A2D900EC2E04 /* Sources */ = {
			isa = PBXSourcesBuildPhase;
			buildActionMask = 2147483647;
			files = (
				577521FE1945AE1E00476104 /* LensApiManager.m in Sources */,
				577522081945AEDA00476104 /* ArticleDetailViewController.m in Sources */,
				577522051945AEC700476104 /* ArticleListViewController.m in Sources */,
				573E70101945A2D900EC2E04 /* main.m in Sources */,
				577522021945AE6800476104 /* AppDelegate.m in Sources */,
			);
			runOnlyForDeploymentPostprocessing = 0;
		};
		573E70171945A2D900EC2E04 /* Sources */ = {
			isa = PBXSourcesBuildPhase;
			buildActionMask = 2147483647;
			files = (
				573E70291945A2D900EC2E04 /* LensKit_objcTests.m in Sources */,
			);
			runOnlyForDeploymentPostprocessing = 0;
		};
/* End PBXSourcesBuildPhase section */

/* Begin PBXTargetDependency section */
		573E70211945A2D900EC2E04 /* PBXTargetDependency */ = {
			isa = PBXTargetDependency;
			target = 573E6FFF1945A2D900EC2E04 /* LensKit.objc */;
			targetProxy = 573E70201945A2D900EC2E04 /* PBXContainerItemProxy */;
		};
/* End PBXTargetDependency section */

/* Begin PBXVariantGroup section */
		573E700C1945A2D900EC2E04 /* InfoPlist.strings */ = {
			isa = PBXVariantGroup;
			children = (
				573E700D1945A2D900EC2E04 /* en */,
			);
			name = InfoPlist.strings;
			sourceTree = "<group>";
		};
		573E70251945A2D900EC2E04 /* InfoPlist.strings */ = {
			isa = PBXVariantGroup;
			children = (
				573E70261945A2D900EC2E04 /* en */,
			);
			name = InfoPlist.strings;
			sourceTree = "<group>";
		};
/* End PBXVariantGroup section */

/* Begin XCBuildConfiguration section */
		573E702A1945A2D900EC2E04 /* Debug */ = {
			isa = XCBuildConfiguration;
			buildSettings = {
				ALWAYS_SEARCH_USER_PATHS = NO;
				CLANG_CXX_LANGUAGE_STANDARD = "gnu++0x";
				CLANG_CXX_LIBRARY = "libc++";
				CLANG_ENABLE_MODULES = YES;
				CLANG_ENABLE_OBJC_ARC = YES;
				CLANG_WARN_BOOL_CONVERSION = YES;
				CLANG_WARN_CONSTANT_CONVERSION = YES;
				CLANG_WARN_DIRECT_OBJC_ISA_USAGE = YES_ERROR;
				CLANG_WARN_EMPTY_BODY = YES;
				CLANG_WARN_ENUM_CONVERSION = YES;
				CLANG_WARN_INT_CONVERSION = YES;
				CLANG_WARN_OBJC_ROOT_CLASS = YES_ERROR;
				CLANG_WARN__DUPLICATE_METHOD_MATCH = YES;
				"CODE_SIGN_IDENTITY[sdk=iphoneos*]" = "iPhone Developer";
				COPY_PHASE_STRIP = NO;
				GCC_C_LANGUAGE_STANDARD = gnu99;
				GCC_DYNAMIC_NO_PIC = NO;
				GCC_OPTIMIZATION_LEVEL = 0;
				GCC_PREPROCESSOR_DEFINITIONS = (
					"DEBUG=1",
					"$(inherited)",
				);
				GCC_SYMBOLS_PRIVATE_EXTERN = NO;
				GCC_WARN_64_TO_32_BIT_CONVERSION = YES;
				GCC_WARN_ABOUT_RETURN_TYPE = YES_ERROR;
				GCC_WARN_UNDECLARED_SELECTOR = YES;
				GCC_WARN_UNINITIALIZED_AUTOS = YES_AGGRESSIVE;
				GCC_WARN_UNUSED_FUNCTION = YES;
				GCC_WARN_UNUSED_VARIABLE = YES;
				IPHONEOS_DEPLOYMENT_TARGET = 7.1;
				ONLY_ACTIVE_ARCH = YES;
				SDKROOT = iphoneos;
			};
			name = Debug;
		};
		573E702B1945A2D900EC2E04 /* Release */ = {
			isa = XCBuildConfiguration;
			buildSettings = {
				ALWAYS_SEARCH_USER_PATHS = NO;
				CLANG_CXX_LANGUAGE_STANDARD = "gnu++0x";
				CLANG_CXX_LIBRARY = "libc++";
				CLANG_ENABLE_MODULES = YES;
				CLANG_ENABLE_OBJC_ARC = YES;
				CLANG_WARN_BOOL_CONVERSION = YES;
				CLANG_WARN_CONSTANT_CONVERSION = YES;
				CLANG_WARN_DIRECT_OBJC_ISA_USAGE = YES_ERROR;
				CLANG_WARN_EMPTY_BODY = YES;
				CLANG_WARN_ENUM_CONVERSION = YES;
				CLANG_WARN_INT_CONVERSION = YES;
				CLANG_WARN_OBJC_ROOT_CLASS = YES_ERROR;
				CLANG_WARN__DUPLICATE_METHOD_MATCH = YES;
				"CODE_SIGN_IDENTITY[sdk=iphoneos*]" = "iPhone Developer";
				COPY_PHASE_STRIP = YES;
				ENABLE_NS_ASSERTIONS = NO;
				GCC_C_LANGUAGE_STANDARD = gnu99;
				GCC_WARN_64_TO_32_BIT_CONVERSION = YES;
				GCC_WARN_ABOUT_RETURN_TYPE = YES_ERROR;
				GCC_WARN_UNDECLARED_SELECTOR = YES;
				GCC_WARN_UNINITIALIZED_AUTOS = YES_AGGRESSIVE;
				GCC_WARN_UNUSED_FUNCTION = YES;
				GCC_WARN_UNUSED_VARIABLE = YES;
				IPHONEOS_DEPLOYMENT_TARGET = 7.1;
				SDKROOT = iphoneos;
				VALIDATE_PRODUCT = YES;
			};
			name = Release;
		};
		573E702D1945A2D900EC2E04 /* Debug */ = {
			isa = XCBuildConfiguration;
			baseConfigurationReference = FD24CFEBFB764D07A30E51D7 /* Pods-LensKit.objc.xcconfig */;
			buildSettings = {
				ASSETCATALOG_COMPILER_APPICON_NAME = AppIcon;
				ASSETCATALOG_COMPILER_LAUNCHIMAGE_NAME = LaunchImage;
				GCC_PRECOMPILE_PREFIX_HEADER = YES;
				GCC_PREFIX_HEADER = "LensKit.objc/LensKit.objc-Prefix.pch";
				INFOPLIST_FILE = "LensKit.objc/LensKit.objc-Info.plist";
				PRODUCT_NAME = "$(TARGET_NAME)";
				WRAPPER_EXTENSION = app;
			};
			name = Debug;
		};
		573E702E1945A2D900EC2E04 /* Release */ = {
			isa = XCBuildConfiguration;
			baseConfigurationReference = FD24CFEBFB764D07A30E51D7 /* Pods-LensKit.objc.xcconfig */;
			buildSettings = {
				ASSETCATALOG_COMPILER_APPICON_NAME = AppIcon;
				ASSETCATALOG_COMPILER_LAUNCHIMAGE_NAME = LaunchImage;
				GCC_PRECOMPILE_PREFIX_HEADER = YES;
				GCC_PREFIX_HEADER = "LensKit.objc/LensKit.objc-Prefix.pch";
				INFOPLIST_FILE = "LensKit.objc/LensKit.objc-Info.plist";
				PRODUCT_NAME = "$(TARGET_NAME)";
				WRAPPER_EXTENSION = app;
			};
			name = Release;
		};
		573E70301945A2D900EC2E04 /* Debug */ = {
			isa = XCBuildConfiguration;
			buildSettings = {
				BUNDLE_LOADER = "$(BUILT_PRODUCTS_DIR)/LensKit.objc.app/LensKit.objc";
				FRAMEWORK_SEARCH_PATHS = (
					"$(SDKROOT)/Developer/Library/Frameworks",
					"$(inherited)",
					"$(DEVELOPER_FRAMEWORKS_DIR)",
				);
				GCC_PRECOMPILE_PREFIX_HEADER = YES;
				GCC_PREFIX_HEADER = "LensKit.objc/LensKit.objc-Prefix.pch";
				GCC_PREPROCESSOR_DEFINITIONS = (
					"DEBUG=1",
					"$(inherited)",
				);
				INFOPLIST_FILE = "LensKit.objcTests/LensKit.objcTests-Info.plist";
				PRODUCT_NAME = "$(TARGET_NAME)";
				TEST_HOST = "$(BUNDLE_LOADER)";
				WRAPPER_EXTENSION = xctest;
			};
			name = Debug;
		};
		573E70311945A2DA00EC2E04 /* Release */ = {
			isa = XCBuildConfiguration;
			buildSettings = {
				BUNDLE_LOADER = "$(BUILT_PRODUCTS_DIR)/LensKit.objc.app/LensKit.objc";
				FRAMEWORK_SEARCH_PATHS = (
					"$(SDKROOT)/Developer/Library/Frameworks",
					"$(inherited)",
					"$(DEVELOPER_FRAMEWORKS_DIR)",
				);
				GCC_PRECOMPILE_PREFIX_HEADER = YES;
				GCC_PREFIX_HEADER = "LensKit.objc/LensKit.objc-Prefix.pch";
				INFOPLIST_FILE = "LensKit.objcTests/LensKit.objcTests-Info.plist";
				PRODUCT_NAME = "$(TARGET_NAME)";
				TEST_HOST = "$(BUNDLE_LOADER)";
				WRAPPER_EXTENSION = xctest;
			};
			name = Release;
		};
/* End XCBuildConfiguration section */

/* Begin XCConfigurationList section */
		573E6FFB1945A2D900EC2E04 /* Build configuration list for PBXProject "LensKit.objc" */ = {
			isa = XCConfigurationList;
			buildConfigurations = (
				573E702A1945A2D900EC2E04 /* Debug */,
				573E702B1945A2D900EC2E04 /* Release */,
			);
			defaultConfigurationIsVisible = 0;
			defaultConfigurationName = Release;
		};
		573E702C1945A2D900EC2E04 /* Build configuration list for PBXNativeTarget "LensKit.objc" */ = {
			isa = XCConfigurationList;
			buildConfigurations = (
				573E702D1945A2D900EC2E04 /* Debug */,
				573E702E1945A2D900EC2E04 /* Release */,
			);
			defaultConfigurationIsVisible = 0;
			defaultConfigurationName = Release;
		};
		573E702F1945A2D900EC2E04 /* Build configuration list for PBXNativeTarget "LensKit.objcTests" */ = {
			isa = XCConfigurationList;
			buildConfigurations = (
				573E70301945A2D900EC2E04 /* Debug */,
				573E70311945A2DA00EC2E04 /* Release */,
			);
			defaultConfigurationIsVisible = 0;
			defaultConfigurationName = Release;
		};
/* End XCConfigurationList section */
	};
	rootObject = 573E6FF81945A2D900EC2E04 /* Project object */;
}
